
Microsoft Visual Studio Solution File, Format Version 12.00
# Visual Studio Version 17
VisualStudioVersion = 17.7.34024.191
MinimumVisualStudioVersion = 10.0.40219.1
Project("{FAE04EC0-301F-11D3-BF4B-00C04F79EFBC}") = "EF_Core_Crud_Assignment", "EF_Core_Crud_Assignment\EF_Core_Crud_Assignment.csproj", "{04B027C5-3C87-4685-9C73-24E59DEA5900}"
EndProject
Global
	GlobalSection(SolutionConfigurationPlatforms) = preSolution
		Debug|Any CPU = Debug|Any CPU
		Release|Any CPU = Release|Any CPU
	EndGlobalSection
	GlobalSection(ProjectConfigurationPlatforms) = postSolution
		{04B027C5-3C87-4685-9C73-24E59DEA5900}.Debug|Any CPU.ActiveCfg = Debug|Any CPU
		{04B027C5-3C87-4685-9C73-24E59DEA5900}.Debug|Any CPU.Build.0 = Debug|Any CPU
		{04B027C5-3C87-4685-9C73-24E59DEA5900}.Release|Any CPU.ActiveCfg = Release|Any CPU
		{04B027C5-3C87-4685-9C73-24E59DEA5900}.Release|Any CPU.Build.0 = Release|Any CPU
	EndGlobalSection
	GlobalSection(SolutionProperties) = preSolution
		HideSolutionNode = FALSE
	EndGlobalSection
	GlobalSection(ExtensibilityGlobals) = postSolution
		SolutionGuid = {DD92DCB4-FB00-4318-8733-54B622E2AEBC}
	EndGlobalSection
EndGlobal
